
Microsoft Visual Studio Solution File, Format Version 12.00
# Visual Studio Version 17
VisualStudioVersion = 17.6.33723.286
MinimumVisualStudioVersion = 10.0.40219.1
Project("{FAE04EC0-301F-11D3-BF4B-00C04F79EFBC}") = "Proyecto", "Proyecto\Proyecto.csproj", "{80C4708D-2D75-4572-A612-1C87B849B4B8}"
EndProject
Global
	GlobalSection(SolutionConfigurationPlatforms) = preSolution
		Debug|Any CPU = Debug|Any CPU
		Release|Any CPU = Release|Any CPU
	EndGlobalSection
	GlobalSection(ProjectConfigurationPlatforms) = postSolution
		{80C4708D-2D75-4572-A612-1C87B849B4B8}.Debug|Any CPU.ActiveCfg = Debug|Any CPU
		{80C4708D-2D75-4572-A612-1C87B849B4B8}.Debug|Any CPU.Build.0 = Debug|Any CPU
		{80C4708D-2D75-4572-A612-1C87B849B4B8}.Release|Any CPU.ActiveCfg = Release|Any CPU
		{80C4708D-2D75-4572-A612-1C87B849B4B8}.Release|Any CPU.Build.0 = Release|Any CPU
	EndGlobalSection
	GlobalSection(SolutionProperties) = preSolution
		HideSolutionNode = FALSE
	EndGlobalSection
	GlobalSection(ExtensibilityGlobals) = postSolution
		SolutionGuid = {DD475C91-D3CB-4F22-BA71-EA65686ED908}
	EndGlobalSection
EndGlobal
