
Microsoft Visual Studio Solution File, Format Version 12.00
# Visual Studio Version 17
VisualStudioVersion = 17.8.34511.84
MinimumVisualStudioVersion = 10.0.40219.1
Project("{FAE04EC0-301F-11D3-BF4B-00C04F79EFBC}") = "WebHorario", "WebHorario\WebHorario.csproj", "{86EF36BE-F71C-4B5D-AC32-C411B9446296}"
EndProject
Project("{FAE04EC0-301F-11D3-BF4B-00C04F79EFBC}") = "ClassEntidades", "ClassEntidades\ClassEntidades.csproj", "{59C266AE-545F-4D6D-BC70-72CCCB9D6BFD}"
EndProject
Project("{FAE04EC0-301F-11D3-BF4B-00C04F79EFBC}") = "ClassBL", "ClassBL\ClassBL.csproj", "{39A60B59-974B-406D-9E54-002F2F9C14A4}"
EndProject
Project("{FAE04EC0-301F-11D3-BF4B-00C04F79EFBC}") = "ClassDAL", "ClassDAL\ClassDAL.csproj", "{15DD670B-5F0B-4E0B-917E-B25167E760DF}"
EndProject
Global
	GlobalSection(SolutionConfigurationPlatforms) = preSolution
		Debug|Any CPU = Debug|Any CPU
		Release|Any CPU = Release|Any CPU
	EndGlobalSection
	GlobalSection(ProjectConfigurationPlatforms) = postSolution
		{86EF36BE-F71C-4B5D-AC32-C411B9446296}.Debug|Any CPU.ActiveCfg = Debug|Any CPU
		{86EF36BE-F71C-4B5D-AC32-C411B9446296}.Debug|Any CPU.Build.0 = Debug|Any CPU
		{86EF36BE-F71C-4B5D-AC32-C411B9446296}.Release|Any CPU.ActiveCfg = Release|Any CPU
		{86EF36BE-F71C-4B5D-AC32-C411B9446296}.Release|Any CPU.Build.0 = Release|Any CPU
		{59C266AE-545F-4D6D-BC70-72CCCB9D6BFD}.Debug|Any CPU.ActiveCfg = Debug|Any CPU
		{59C266AE-545F-4D6D-BC70-72CCCB9D6BFD}.Debug|Any CPU.Build.0 = Debug|Any CPU
		{59C266AE-545F-4D6D-BC70-72CCCB9D6BFD}.Release|Any CPU.ActiveCfg = Release|Any CPU
		{59C266AE-545F-4D6D-BC70-72CCCB9D6BFD}.Release|Any CPU.Build.0 = Release|Any CPU
		{39A60B59-974B-406D-9E54-002F2F9C14A4}.Debug|Any CPU.ActiveCfg = Debug|Any CPU
		{39A60B59-974B-406D-9E54-002F2F9C14A4}.Debug|Any CPU.Build.0 = Debug|Any CPU
		{39A60B59-974B-406D-9E54-002F2F9C14A4}.Release|Any CPU.ActiveCfg = Release|Any CPU
		{39A60B59-974B-406D-9E54-002F2F9C14A4}.Release|Any CPU.Build.0 = Release|Any CPU
		{15DD670B-5F0B-4E0B-917E-B25167E760DF}.Debug|Any CPU.ActiveCfg = Debug|Any CPU
		{15DD670B-5F0B-4E0B-917E-B25167E760DF}.Debug|Any CPU.Build.0 = Debug|Any CPU
		{15DD670B-5F0B-4E0B-917E-B25167E760DF}.Release|Any CPU.ActiveCfg = Release|Any CPU
		{15DD670B-5F0B-4E0B-917E-B25167E760DF}.Release|Any CPU.Build.0 = Release|Any CPU
	EndGlobalSection
	GlobalSection(SolutionProperties) = preSolution
		HideSolutionNode = FALSE
	EndGlobalSection
	GlobalSection(ExtensibilityGlobals) = postSolution
		SolutionGuid = {1212260B-C63C-498A-95F0-051A79E6C932}
	EndGlobalSection
EndGlobal
